
Microsoft Visual Studio Solution File, Format Version 12.00
# Visual Studio 2017
Project("{FAE04EC0-301F-11D3-BF4B-00C04F79EFBC}") = "Livets Museet - röentgen", "Livets Museet - röentgen.csproj", "{A139E5B4-94A7-E89D-BA62-C4F5319D52EC}"
EndProject
Project("{FAE04EC0-301F-11D3-BF4B-00C04F79EFBC}") = "Livets Museet - röentgen.Editor", "Livets Museet - röentgen.Editor.csproj", "{689990AB-F72C-7644-BE9C-47C1CAE406A3}"
EndProject
Global
	GlobalSection(SolutionConfigurationPlatforms) = preSolution
		Debug|Any CPU = Debug|Any CPU
		Release|Any CPU = Release|Any CPU
	EndGlobalSection
	GlobalSection(ProjectConfigurationPlatforms) = postSolution
		{A139E5B4-94A7-E89D-BA62-C4F5319D52EC}.Debug|Any CPU.ActiveCfg = Debug|Any CPU
		{A139E5B4-94A7-E89D-BA62-C4F5319D52EC}.Debug|Any CPU.Build.0 = Debug|Any CPU
		{A139E5B4-94A7-E89D-BA62-C4F5319D52EC}.Release|Any CPU.ActiveCfg = Release|Any CPU
		{A139E5B4-94A7-E89D-BA62-C4F5319D52EC}.Release|Any CPU.Build.0 = Release|Any CPU
		{689990AB-F72C-7644-BE9C-47C1CAE406A3}.Debug|Any CPU.ActiveCfg = Debug|Any CPU
		{689990AB-F72C-7644-BE9C-47C1CAE406A3}.Debug|Any CPU.Build.0 = Debug|Any CPU
		{689990AB-F72C-7644-BE9C-47C1CAE406A3}.Release|Any CPU.ActiveCfg = Release|Any CPU
		{689990AB-F72C-7644-BE9C-47C1CAE406A3}.Release|Any CPU.Build.0 = Release|Any CPU
	EndGlobalSection
	GlobalSection(SolutionProperties) = preSolution
		HideSolutionNode = FALSE
	EndGlobalSection
EndGlobal
